github.com/vpsfreecz/vpsadmin-go-client v0.0.0-20260504133612-45a5170b7190 h1:IJvGYjA+ytnu+c63c31iAf3+CYiGtYaDVgnAx+6PDlA=
github.com/vpsfreecz/vpsadmin-go-client v0.0.0-20260504133612-45a5170b7190/go.mod h1:n7aZvL8Z1XGeKF6lDkdmsfGdBOh8SiKxl07FXjpGygw=
golang.org/x/crypto v0.51.0 h1:IBPXwPfKxY7cWQZ38ZCIRPI50YLeevDLlLnyC5wRGTI=
golang.org/x/crypto v0.51.0/go.mod h1:8AdwkbraGNABw2kOX6YFPs3WM22XqI4EXEd8g+x7Oc8=
golang.org/x/sys v0.44.0 h1:ildZl3J4uzeKP07r2F++Op7E9B29JRUy+a27EibtBTQ=
golang.org/x/sys v0.44.0/go.mod h1:4GL1E5IUh+htKOUEOaiffhrAeqysfVGipDYzABqnCmw=
golang.org/x/term v0.43.0 h1:S4RLU2sB31O/NCl+zFN9Aru9A/Cq2aqKpTZJ6B+DwT4=
golang.org/x/term v0.43.0/go.mod h1:lrhlHNdQJHO+1qVYiHfFKVuVioJIheAc3fBSMFYEIsk=
