{
  "nodes": {
    "nixpkgs": {
      "locked": {
        "lastModified": 1779284494,
        "narHash": "sha256-oicOMcFU6NQ+pAyPk+78mmIqI86CpIZJIbc2PaGBaO8=",
        "owner": "NixOS",
        "repo": "nixpkgs",
        "rev": "282deb2d89b6b60b4ca608d460b197e726d440a6",
        "type": "github"
      },
      "original": {
        "owner": "NixOS",
        "ref": "master",
        "repo": "nixpkgs",
        "type": "github"
      }
    },
    "root": {
      "inputs": {
        "nixpkgs": "nixpkgs"
      }
    }
  },
  "root": "root",
  "version": 7
}
